// !$*UTF8*$!
{
	archiveVersion = 1;
	classes = {
	};
	objectVersion = 55;
	objects = {

/* Begin PBXBuildFile section */
		DE0B59112840DC3800A5F418 /* AppExtensions.swift in Sources */ = {isa = PBXBuildFile; fileRef = DE0B59102840DC3800A5F418 /* AppExtensions.swift */; };
		DE0B59142841357C00A5F418 /* DbOperations.swift in Sources */ = {isa = PBXBuildFile; fileRef = DE0B59132841357C00A5F418 /* DbOperations.swift */; };
		DE0B59172841377B00A5F418 /* AppUtils.swift in Sources */ = {isa = PBXBuildFile; fileRef = DE0B59162841377B00A5F418 /* AppUtils.swift */; };
		DE0B591D28415CD500A5F418 /* AppColorConstants.swift in Sources */ = {isa = PBXBuildFile; fileRef = DE0B591C28415CD500A5F418 /* AppColorConstants.swift */; };
		DE158B5C2784B15C00432405 /* CategoriesCollectionViewCell.swift in Sources */ = {isa = PBXBuildFile; fileRef = DE158B5A2784B15C00432405 /* CategoriesCollectionViewCell.swift */; };
		DE158B5D2784B15C00432405 /* CategoriesCollectionViewCell.xib in Resources */ = {isa = PBXBuildFile; fileRef = DE158B5B2784B15C00432405 /* CategoriesCollectionViewCell.xib */; };
		DE2B988227860BCA00F4F457 /* SideBarViewController.swift in Sources */ = {isa = PBXBuildFile; fileRef = DE2B988127860BCA00F4F457 /* SideBarViewController.swift */; };
		DED617AB27836CAF00503DAF /* AppDelegate.swift in Sources */ = {isa = PBXBuildFile; fileRef = DED617AA27836CAF00503DAF /* AppDelegate.swift */; };
		DED617AD27836CAF00503DAF /* SceneDelegate.swift in Sources */ = {isa = PBXBuildFile; fileRef = DED617AC27836CAF00503DAF /* SceneDelegate.swift */; };
		DED617AF27836CAF00503DAF /* ViewController.swift in Sources */ = {isa = PBXBuildFile; fileRef = DED617AE27836CAF00503DAF /* ViewController.swift */; };
		DED617B227836CAF00503DAF /* Main.storyboard in Resources */ = {isa = PBXBuildFile; fileRef = DED617B027836CAF00503DAF /* Main.storyboard */; };
		DED617B427836CB100503DAF /* Assets.xcassets in Resources */ = {isa = PBXBuildFile; fileRef = DED617B327836CB100503DAF /* Assets.xcassets */; };
		DED617B727836CB100503DAF /* LaunchScreen.storyboard in Resources */ = {isa = PBXBuildFile; fileRef = DED617B527836CB100503DAF /* LaunchScreen.storyboard */; };
		DED617C227836CB100503DAF /* OnTrackTests.swift in Sources */ = {isa = PBXBuildFile; fileRef = DED617C127836CB100503DAF /* OnTrackTests.swift */; };
		DED617CC27836CB100503DAF /* OnTrackUITests.swift in Sources */ = {isa = PBXBuildFile; fileRef = DED617CB27836CB100503DAF /* OnTrackUITests.swift */; };
		DED617CE27836CB100503DAF /* OnTrackUITestsLaunchTests.swift in Sources */ = {isa = PBXBuildFile; fileRef = DED617CD27836CB100503DAF /* OnTrackUITestsLaunchTests.swift */; };
		DED617DE27836F3500503DAF /* TaskTableViewCell.swift in Sources */ = {isa = PBXBuildFile; fileRef = DED617DC27836F3500503DAF /* TaskTableViewCell.swift */; };
		DED617DF27836F3500503DAF /* TaskTableViewCell.xib in Resources */ = {isa = PBXBuildFile; fileRef = DED617DD27836F3500503DAF /* TaskTableViewCell.xib */; };
/* End PBXBuildFile section */

/* Begin PBXContainerItemProxy section */
		DED617BE27836CB100503DAF /* PBXContainerItemProxy */ = {
			isa = PBXContainerItemProxy;
			containerPortal = DED6179F27836CAF00503DAF /* Project object */;
			proxyType = 1;
			remoteGlobalIDString = DED617A627836CAF00503DAF;
			remoteInfo = OnTrack;
		};
		DED617C827836CB100503DAF /* PBXContainerItemProxy */ = {
			isa = PBXContainerItemProxy;
			containerPortal = DED6179F27836CAF00503DAF /* Project object */;
			proxyType = 1;
			remoteGlobalIDString = DED617A627836CAF00503DAF;
			remoteInfo = OnTrack;
		};
/* End PBXContainerItemProxy section */

/* Begin PBXFileReference section */
		DE0B59102840DC3800A5F418 /* AppExtensions.swift */ = {isa = PBXFileReference; lastKnownFileType = sourcecode.swift; path = AppExtensions.swift; sourceTree = "<group>"; };
		DE0B59132841357C00A5F418 /* DbOperations.swift */ = {isa = PBXFileReference; lastKnownFileType = sourcecode.swift; path = DbOperations.swift; sourceTree = "<group>"; };
		DE0B59162841377B00A5F418 /* AppUtils.swift */ = {isa = PBXFileReference; lastKnownFileType = sourcecode.swift; path = AppUtils.swift; sourceTree = "<group>"; };
		DE0B591C28415CD500A5F418 /* AppColorConstants.swift */ = {isa = PBXFileReference; lastKnownFileType = sourcecode.swift; path = AppColorConstants.swift; sourceTree = "<group>"; };
		DE158B5A2784B15C00432405 /* CategoriesCollectionViewCell.swift */ = {isa = PBXFileReference; lastKnownFileType = sourcecode.swift; path = CategoriesCollectionViewCell.swift; sourceTree = "<group>"; };
		DE158B5B2784B15C00432405 /* CategoriesCollectionViewCell.xib */ = {isa = PBXFileReference; lastKnownFileType = file.xib; path = CategoriesCollectionViewCell.xib; sourceTree = "<group>"; };
		DE2B988127860BCA00F4F457 /* SideBarViewController.swift */ = {isa = PBXFileReference; lastKnownFileType = sourcecode.swift; path = SideBarViewController.swift; sourceTree = "<group>"; };
		DED617A727836CAF00503DAF /* OnTrack.app */ = {isa = PBXFileReference; explicitFileType = wrapper.application; includeInIndex = 0; path = OnTrack.app; sourceTree = BUILT_PRODUCTS_DIR; };
		DED617AA27836CAF00503DAF /* AppDelegate.swift */ = {isa = PBXFileReference; lastKnownFileType = sourcecode.swift; path = AppDelegate.swift; sourceTree = "<group>"; };
		DED617AC27836CAF00503DAF /* SceneDelegate.swift */ = {isa = PBXFileReference; lastKnownFileType = sourcecode.swift; path = SceneDelegate.swift; sourceTree = "<group>"; };
		DED617AE27836CAF00503DAF /* ViewController.swift */ = {isa = PBXFileReference; lastKnownFileType = sourcecode.swift; path = ViewController.swift; sourceTree = "<group>"; };
		DED617B127836CAF00503DAF /* Base */ = {isa = PBXFileReference; lastKnownFileType = file.storyboard; name = Base; path = Base.lproj/Main.storyboard; sourceTree = "<group>"; };
		DED617B327836CB100503DAF /* Assets.xcassets */ = {isa = PBXFileReference; lastKnownFileType = folder.assetcatalog; path = Assets.xcassets; sourceTree = "<group>"; };
		DED617B627836CB100503DAF /* Base */ = {isa = PBXFileReference; lastKnownFileType = file.storyboard; name = Base; path = Base.lproj/LaunchScreen.storyboard; sourceTree = "<group>"; };
		DED617B827836CB100503DAF /* Info.plist */ = {isa = PBXFileReference; lastKnownFileType = text.plist.xml; path = Info.plist; sourceTree = "<group>"; };
		DED617BD27836CB100503DAF /* OnTrackTests.xctest */ = {isa = PBXFileReference; explicitFileType = wrapper.cfbundle; includeInIndex = 0; path = OnTrackTests.xctest; sourceTree = BUILT_PRODUCTS_DIR; };
		DED617C127836CB100503DAF /* OnTrackTests.swift */ = {isa = PBXFileReference; lastKnownFileType = sourcecode.swift; path = OnTrackTests.swift; sourceTree = "<group>"; };
		DED617C727836CB100503DAF /* OnTrackUITests.xctest */ = {isa = PBXFileReference; explicitFileType = wrapper.cfbundle; includeInIndex = 0; path = OnTrackUITests.xctest; sourceTree = BUILT_PRODUCTS_DIR; };
		DED617CB27836CB100503DAF /* OnTrackUITests.swift */ = {isa = PBXFileReference; lastKnownFileType = sourcecode.swift; path = OnTrackUITests.swift; sourceTree = "<group>"; };
		DED617CD27836CB100503DAF /* OnTrackUITestsLaunchTests.swift */ = {isa = PBXFileReference; lastKnownFileType = sourcecode.swift; path = OnTrackUITestsLaunchTests.swift; sourceTree = "<group>"; };
		DED617DC27836F3500503DAF /* TaskTableViewCell.swift */ = {isa = PBXFileReference; lastKnownFileType = sourcecode.swift; path = TaskTableViewCell.swift; sourceTree = "<group>"; };
		DED617DD27836F3500503DAF /* TaskTableViewCell.xib */ = {isa = PBXFileReference; lastKnownFileType = file.xib; path = TaskTableViewCell.xib; sourceTree = "<group>"; };
/* End PBXFileReference section */

/* Begin PBXFrameworksBuildPhase section */
		DED617A427836CAF00503DAF /* Frameworks */ = {
			isa = PBXFrameworksBuildPhase;
			buildActionMask = 2147483647;
			files = (
			);
			runOnlyForDeploymentPostprocessing = 0;
		};
		DED617BA27836CB100503DAF /* Frameworks */ = {
			isa = PBXFrameworksBuildPhase;
			buildActionMask = 2147483647;
			files = (
			);
			runOnlyForDeploymentPostprocessing = 0;
		};
		DED617C427836CB100503DAF /* Frameworks */ = {
			isa = PBXFrameworksBuildPhase;
			buildActionMask = 2147483647;
			files = (
			);
			runOnlyForDeploymentPostprocessing = 0;
		};
/* End PBXFrameworksBuildPhase section */

/* Begin PBXGroup section */
		DE0B590F2840DBEF00A5F418 /* AppConstants */ = {
			isa = PBXGroup;
			children = (
				DE0B59102840DC3800A5F418 /* AppExtensions.swift */,
				DE0B591C28415CD500A5F418 /* AppColorConstants.swift */,
			);
			path = AppConstants;
			sourceTree = "<group>";
		};
		DE0B5912284134A600A5F418 /* SQLiteHandler */ = {
			isa = PBXGroup;
			children = (
				DE0B59132841357C00A5F418 /* DbOperations.swift */,
			);
			path = SQLiteHandler;
			sourceTree = "<group>";
		};
		DE0B59152841375F00A5F418 /* Utils */ = {
			isa = PBXGroup;
			children = (
				DE0B59162841377B00A5F418 /* AppUtils.swift */,
			);
			path = Utils;
			sourceTree = "<group>";
		};
		DE0B5918284154F200A5F418 /* General */ = {
			isa = PBXGroup;
			children = (
				DED617AA27836CAF00503DAF /* AppDelegate.swift */,
				DED617AC27836CAF00503DAF /* SceneDelegate.swift */,
			);
			path = General;
			sourceTree = "<group>";
		};
		DE0B59192841557F00A5F418 /* Controllers */ = {
			isa = PBXGroup;
			children = (
				DE2B988127860BCA00F4F457 /* SideBarViewController.swift */,
				DED617AE27836CAF00503DAF /* ViewController.swift */,
			);
			path = Controllers;
			sourceTree = "<group>";
		};
		DE0B591A2841560100A5F418 /* Storyboards and Xibs */ = {
			isa = PBXGroup;
			children = (
				DED617B027836CAF00503DAF /* Main.storyboard */,
				DED617B527836CB100503DAF /* LaunchScreen.storyboard */,
				DED617DC27836F3500503DAF /* TaskTableViewCell.swift */,
				DED617DD27836F3500503DAF /* TaskTableViewCell.xib */,
				DE158B5B2784B15C00432405 /* CategoriesCollectionViewCell.xib */,
				DE158B5A2784B15C00432405 /* CategoriesCollectionViewCell.swift */,
			);
			path = "Storyboards and Xibs";
			sourceTree = "<group>";
		};
		DE0B591B2841564600A5F418 /* Resources */ = {
			isa = PBXGroup;
			children = (
				DED617B327836CB100503DAF /* Assets.xcassets */,
			);
			path = Resources;
			sourceTree = "<group>";
		};
		DED6179E27836CAF00503DAF = {
			isa = PBXGroup;
			children = (
				DED617A927836CAF00503DAF /* OnTrack */,
				DED617C027836CB100503DAF /* OnTrackTests */,
				DED617CA27836CB100503DAF /* OnTrackUITests */,
				DED617A827836CAF00503DAF /* Products */,
			);
			sourceTree = "<group>";
		};
		DED617A827836CAF00503DAF /* Products */ = {
			isa = PBXGroup;
			children = (
				DED617A727836CAF00503DAF /* OnTrack.app */,
				DED617BD27836CB100503DAF /* OnTrackTests.xctest */,
				DED617C727836CB100503DAF /* OnTrackUITests.xctest */,
			);
			name = Products;
			sourceTree = "<group>";
		};
		DED617A927836CAF00503DAF /* OnTrack */ = {
			isa = PBXGroup;
			children = (
				DE0B591A2841560100A5F418 /* Storyboards and Xibs */,
				DE0B5918284154F200A5F418 /* General */,
				DE0B590F2840DBEF00A5F418 /* AppConstants */,
				DE0B5912284134A600A5F418 /* SQLiteHandler */,
				DE0B59192841557F00A5F418 /* Controllers */,
				DE0B59152841375F00A5F418 /* Utils */,
				DE0B591B2841564600A5F418 /* Resources */,
				DED617B827836CB100503DAF /* Info.plist */,
			);
			path = OnTrack;
			sourceTree = "<group>";
		};
		DED617C027836CB100503DAF /* OnTrackTests */ = {
			isa = PBXGroup;
			children = (
				DED617C127836CB100503DAF /* OnTrackTests.swift */,
			);
			path = OnTrackTests;
			sourceTree = "<group>";
		};
		DED617CA27836CB100503DAF /* OnTrackUITests */ = {
			isa = PBXGroup;
			children = (
				DED617CB27836CB100503DAF /* OnTrackUITests.swift */,
				DED617CD27836CB100503DAF /* OnTrackUITestsLaunchTests.swift */,
			);
			path = OnTrackUITests;
			sourceTree = "<group>";
		};
/* End PBXGroup section */

/* Begin PBXNativeTarget section */
		DED617A627836CAF00503DAF /* OnTrack */ = {
			isa = PBXNativeTarget;
			buildConfigurationList = DED617D127836CB100503DAF /* Build configuration list for PBXNativeTarget "OnTrack" */;
			buildPhases = (
				DED617A327836CAF00503DAF /* Sources */,
				DED617A427836CAF00503DAF /* Frameworks */,
				DED617A527836CAF00503DAF /* Resources */,
			);
			buildRules = (
			);
			dependencies = (
			);
			name = OnTrack;
			productName = OnTrack;
			productReference = DED617A727836CAF00503DAF /* OnTrack.app */;
			productType = "com.apple.product-type.application";
		};
		DED617BC27836CB100503DAF /* OnTrackTests */ = {
			isa = PBXNativeTarget;
			buildConfigurationList = DED617D427836CB100503DAF /* Build configuration list for PBXNativeTarget "OnTrackTests" */;
			buildPhases = (
				DED617B927836CB100503DAF /* Sources */,
				DED617BA27836CB100503DAF /* Frameworks */,
				DED617BB27836CB100503DAF /* Resources */,
			);
			buildRules = (
			);
			dependencies = (
				DED617BF27836CB100503DAF /* PBXTargetDependency */,
			);
			name = OnTrackTests;
			productName = OnTrackTests;
			productReference = DED617BD27836CB100503DAF /* OnTrackTests.xctest */;
			productType = "com.apple.product-type.bundle.unit-test";
		};
		DED617C627836CB100503DAF /* OnTrackUITests */ = {
			isa = PBXNativeTarget;
			buildConfigurationList = DED617D727836CB100503DAF /* Build configuration list for PBXNativeTarget "OnTrackUITests" */;
			buildPhases = (
				DED617C327836CB100503DAF /* Sources */,
				DED617C427836CB100503DAF /* Frameworks */,
				DED617C527836CB100503DAF /* Resources */,
			);
			buildRules = (
			);
			dependencies = (
				DED617C927836CB100503DAF /* PBXTargetDependency */,
			);
			name = OnTrackUITests;
			productName = OnTrackUITests;
			productReference = DED617C727836CB100503DAF /* OnTrackUITests.xctest */;
			productType = "com.apple.product-type.bundle.ui-testing";
		};
/* End PBXNativeTarget section */

/* Begin PBXProject section */
		DED6179F27836CAF00503DAF /* Project object */ = {
			isa = PBXProject;
			attributes = {
				BuildIndependentTargetsInParallel = 1;
				LastSwiftUpdateCheck = 1320;
				LastUpgradeCheck = 1320;
				TargetAttributes = {
					DED617A627836CAF00503DAF = {
						CreatedOnToolsVersion = 13.2.1;
					};
					DED617BC27836CB100503DAF = {
						CreatedOnToolsVersion = 13.2.1;
						TestTargetID = DED617A627836CAF00503DAF;
					};
					DED617C627836CB100503DAF = {
						CreatedOnToolsVersion = 13.2.1;
						TestTargetID = DED617A627836CAF00503DAF;
					};
				};
			};
			buildConfigurationList = DED617A227836CAF00503DAF /* Build configuration list for PBXProject "OnTrack" */;
			compatibilityVersion = "Xcode 13.0";
			developmentRegion = en;
			hasScannedForEncodings = 0;
			knownRegions = (
				en,
				Base,
			);
			mainGroup = DED6179E27836CAF00503DAF;
			productRefGroup = DED617A827836CAF00503DAF /* Products */;
			projectDirPath = "";
			projectRoot = "";
			targets = (
				DED617A627836CAF00503DAF /* OnTrack */,
				DED617BC27836CB100503DAF /* OnTrackTests */,
				DED617C627836CB100503DAF /* OnTrackUITests */,
			);
		};
/* End PBXProject section */

/* Begin PBXResourcesBuildPhase section */
		DED617A527836CAF00503DAF /* Resources */ = {
			isa = PBXResourcesBuildPhase;
			buildActionMask = 2147483647;
			files = (
				DED617DF27836F3500503DAF /* TaskTableViewCell.xib in Resources */,
				DE158B5D2784B15C00432405 /* CategoriesCollectionViewCell.xib in Resources */,
				DED617B727836CB100503DAF /* LaunchScreen.storyboard in Resources */,
				DED617B427836CB100503DAF /* Assets.xcassets in Resources */,
				DED617B227836CAF00503DAF /* Main.storyboard in Resources */,
			);
			runOnlyForDeploymentPostprocessing = 0;
		};
		DED617BB27836CB100503DAF /* Resources */ = {
			isa = PBXResourcesBuildPhase;
			buildActionMask = 2147483647;
			files = (
			);
			runOnlyForDeploymentPostprocessing = 0;
		};
		DED617C527836CB100503DAF /* Resources */ = {
			isa = PBXResourcesBuildPhase;
			buildActionMask = 2147483647;
			files = (
			);
			runOnlyForDeploymentPostprocessing = 0;
		};
/* End PBXResourcesBuildPhase section */

/* Begin PBXSourcesBuildPhase section */
		DED617A327836CAF00503DAF /* Sources */ = {
			isa = PBXSourcesBuildPhase;
			buildActionMask = 2147483647;
			files = (
				DE0B59172841377B00A5F418 /* AppUtils.swift in Sources */,
				DED617DE27836F3500503DAF /* TaskTableViewCell.swift in Sources */,
				DE2B988227860BCA00F4F457 /* SideBarViewController.swift in Sources */,
				DE0B591D28415CD500A5F418 /* AppColorConstants.swift in Sources */,
				DED617AF27836CAF00503DAF /* ViewController.swift in Sources */,
				DED617AB27836CAF00503DAF /* AppDelegate.swift in Sources */,
				DED617AD27836CAF00503DAF /* SceneDelegate.swift in Sources */,
				DE158B5C2784B15C00432405 /* CategoriesCollectionViewCell.swift in Sources */,
				DE0B59112840DC3800A5F418 /* AppExtensions.swift in Sources */,
				DE0B59142841357C00A5F418 /* DbOperations.swift in Sources */,
			);
			runOnlyForDeploymentPostprocessing = 0;
		};
		DED617B927836CB100503DAF /* Sources */ = {
			isa = PBXSourcesBuildPhase;
			buildActionMask = 2147483647;
			files = (
				DED617C227836CB100503DAF /* OnTrackTests.swift in Sources */,
			);
			runOnlyForDeploymentPostprocessing = 0;
		};
		DED617C327836CB100503DAF /* Sources */ = {
			isa = PBXSourcesBuildPhase;
			buildActionMask = 2147483647;
			files = (
				DED617CC27836CB100503DAF /* OnTrackUITests.swift in Sources */,
				DED617CE27836CB100503DAF /* OnTrackUITestsLaunchTests.swift in Sources */,
			);
			runOnlyForDeploymentPostprocessing = 0;
		};
/* End PBXSourcesBuildPhase section */

/* Begin PBXTargetDependency section */
		DED617BF27836CB100503DAF /* PBXTargetDependency */ = {
			isa = PBXTargetDependency;
			target = DED617A627836CAF00503DAF /* OnTrack */;
			targetProxy = DED617BE27836CB100503DAF /* PBXContainerItemProxy */;
		};
		DED617C927836CB100503DAF /* PBXTargetDependency */ = {
			isa = PBXTargetDependency;
			target = DED617A627836CAF00503DAF /* OnTrack */;
			targetProxy = DED617C827836CB100503DAF /* PBXContainerItemProxy */;
		};
/* End PBXTargetDependency section */

/* Begin PBXVariantGroup section */
		DED617B027836CAF00503DAF /* Main.storyboard */ = {
			isa = PBXVariantGroup;
			children = (
				DED617B127836CAF00503DAF /* Base */,
			);
			name = Main.storyboard;
			sourceTree = "<group>";
		};
		DED617B527836CB100503DAF /* LaunchScreen.storyboard */ = {
			isa = PBXVariantGroup;
			children = (
				DED617B627836CB100503DAF /* Base */,
			);
			name = LaunchScreen.storyboard;
			sourceTree = "<group>";
		};
/* End PBXVariantGroup section */

/* Begin XCBuildConfiguration section */
		DED617CF27836CB100503DAF /* Debug */ = {
			isa = XCBuildConfiguration;
			buildSettings = {
				ALWAYS_SEARCH_USER_PATHS = NO;
				CLANG_ANALYZER_NONNULL = YES;
				CLANG_ANALYZER_NUMBER_OBJECT_CONVERSION = YES_AGGRESSIVE;
				CLANG_CXX_LANGUAGE_STANDARD = "gnu++17";
				CLANG_CXX_LIBRARY = "libc++";
				CLANG_ENABLE_MODULES = YES;
				CLANG_ENABLE_OBJC_ARC = YES;
				CLANG_ENABLE_OBJC_WEAK = YES;
				CLANG_WARN_BLOCK_CAPTURE_AUTORELEASING = YES;
				CLANG_WARN_BOOL_CONVERSION = YES;
				CLANG_WARN_COMMA = YES;
				CLANG_WARN_CONSTANT_CONVERSION = YES;
				CLANG_WARN_DEPRECATED_OBJC_IMPLEMENTATIONS = YES;
				CLANG_WARN_DIRECT_OBJC_ISA_USAGE = YES_ERROR;
				CLANG_WARN_DOCUMENTATION_COMMENTS = YES;
				CLANG_WARN_EMPTY_BODY = YES;
				CLANG_WARN_ENUM_CONVERSION = YES;
				CLANG_WARN_INFINITE_RECURSION = YES;
				CLANG_WARN_INT_CONVERSION = YES;
				CLANG_WARN_NON_LITERAL_NULL_CONVERSION = YES;
				CLANG_WARN_OBJC_IMPLICIT_RETAIN_SELF = YES;
				CLANG_WARN_OBJC_LITERAL_CONVERSION = YES;
				CLANG_WARN_OBJC_ROOT_CLASS = YES_ERROR;
				CLANG_WARN_QUOTED_INCLUDE_IN_FRAMEWORK_HEADER = YES;
				CLANG_WARN_RANGE_LOOP_ANALYSIS = YES;
				CLANG_WARN_STRICT_PROTOTYPES = YES;
				CLANG_WARN_SUSPICIOUS_MOVE = YES;
				CLANG_WARN_UNGUARDED_AVAILABILITY = YES_AGGRESSIVE;
				CLANG_WARN_UNREACHABLE_CODE = YES;
				CLANG_WARN__DUPLICATE_METHOD_MATCH = YES;
				COPY_PHASE_STRIP = NO;
				DEBUG_INFORMATION_FORMAT = dwarf;
				ENABLE_STRICT_OBJC_MSGSEND = YES;
				ENABLE_TESTABILITY = YES;
				GCC_C_LANGUAGE_STANDARD = gnu11;
				GCC_DYNAMIC_NO_PIC = NO;
				GCC_NO_COMMON_BLOCKS = YES;
				GCC_OPTIMIZATION_LEVEL = 0;
				GCC_PREPROCESSOR_DEFINITIONS = (
					"DEBUG=1",
					"$(inherited)",
				);
				GCC_WARN_64_TO_32_BIT_CONVERSION = YES;
				GCC_WARN_ABOUT_RETURN_TYPE = YES_ERROR;
				GCC_WARN_UNDECLARED_SELECTOR = YES;
				GCC_WARN_UNINITIALIZED_AUTOS = YES_AGGRESSIVE;
				GCC_WARN_UNUSED_FUNCTION = YES;
				GCC_WARN_UNUSED_VARIABLE = YES;
				IPHONEOS_DEPLOYMENT_TARGET = 15.2;
				MTL_ENABLE_DEBUG_INFO = INCLUDE_SOURCE;
				MTL_FAST_MATH = YES;
				ONLY_ACTIVE_ARCH = YES;
				SDKROOT = iphoneos;
				SWIFT_ACTIVE_COMPILATION_CONDITIONS = DEBUG;
				SWIFT_OPTIMIZATION_LEVEL = "-Onone";
			};
			name = Debug;
		};
		DED617D027836CB100503DAF /* Release */ = {
			isa = XCBuildConfiguration;
			buildSettings = {
				ALWAYS_SEARCH_USER_PATHS = NO;
				CLANG_ANALYZER_NONNULL = YES;
				CLANG_ANALYZER_NUMBER_OBJECT_CONVERSION = YES_AGGRESSIVE;
				CLANG_CXX_LANGUAGE_STANDARD = "gnu++17";
				CLANG_CXX_LIBRARY = "libc++";
				CLANG_ENABLE_MODULES = YES;
				CLANG_ENABLE_OBJC_ARC = YES;
				CLANG_ENABLE_OBJC_WEAK = YES;
				CLANG_WARN_BLOCK_CAPTURE_AUTORELEASING = YES;
				CLANG_WARN_BOOL_CONVERSION = YES;
				CLANG_WARN_COMMA = YES;
				CLANG_WARN_CONSTANT_CONVERSION = YES;
				CLANG_WARN_DEPRECATED_OBJC_IMPLEMENTATIONS = YES;
				CLANG_WARN_DIRECT_OBJC_ISA_USAGE = YES_ERROR;
				CLANG_WARN_DOCUMENTATION_COMMENTS = YES;
				CLANG_WARN_EMPTY_BODY = YES;
				CLANG_WARN_ENUM_CONVERSION = YES;
				CLANG_WARN_INFINITE_RECURSION = YES;
				CLANG_WARN_INT_CONVERSION = YES;
				CLANG_WARN_NON_LITERAL_NULL_CONVERSION = YES;
				CLANG_WARN_OBJC_IMPLICIT_RETAIN_SELF = YES;
				CLANG_WARN_OBJC_LITERAL_CONVERSION = YES;
				CLANG_WARN_OBJC_ROOT_CLASS = YES_ERROR;
				CLANG_WARN_QUOTED_INCLUDE_IN_FRAMEWORK_HEADER = YES;
				CLANG_WARN_RANGE_LOOP_ANALYSIS = YES;
				CLANG_WARN_STRICT_PROTOTYPES = YES;
				CLANG_WARN_SUSPICIOUS_MOVE = YES;
				CLANG_WARN_UNGUARDED_AVAILABILITY = YES_AGGRESSIVE;
				CLANG_WARN_UNREACHABLE_CODE = YES;
				CLANG_WARN__DUPLICATE_METHOD_MATCH = YES;
				COPY_PHASE_STRIP = NO;
				DEBUG_INFORMATION_FORMAT = "dwarf-with-dsym";
				ENABLE_NS_ASSERTIONS = NO;
				ENABLE_STRICT_OBJC_MSGSEND = YES;
				GCC_C_LANGUAGE_STANDARD = gnu11;
				GCC_NO_COMMON_BLOCKS = YES;
				GCC_WARN_64_TO_32_BIT_CONVERSION = YES;
				GCC_WARN_ABOUT_RETURN_TYPE = YES_ERROR;
				GCC_WARN_UNDECLARED_SELECTOR = YES;
				GCC_WARN_UNINITIALIZED_AUTOS = YES_AGGRESSIVE;
				GCC_WARN_UNUSED_FUNCTION = YES;
				GCC_WARN_UNUSED_VARIABLE = YES;
				IPHONEOS_DEPLOYMENT_TARGET = 15.2;
				MTL_ENABLE_DEBUG_INFO = NO;
				MTL_FAST_MATH = YES;
				SDKROOT = iphoneos;
				SWIFT_COMPILATION_MODE = wholemodule;
				SWIFT_OPTIMIZATION_LEVEL = "-O";
				VALIDATE_PRODUCT = YES;
			};
			name = Release;
		};
		DED617D227836CB100503DAF /* Debug */ = {
			isa = XCBuildConfiguration;
			buildSettings = {
				ASSETCATALOG_COMPILER_APPICON_NAME = AppIcon;
				ASSETCATALOG_COMPILER_GLOBAL_ACCENT_COLOR_NAME = AccentColor;
				CODE_SIGN_STYLE = Automatic;
				CURRENT_PROJECT_VERSION = 1;
				DEVELOPMENT_TEAM = WD28M49YQQ;
				GENERATE_INFOPLIST_FILE = YES;
				INFOPLIST_FILE = OnTrack/Info.plist;
				INFOPLIST_KEY_UIApplicationSupportsIndirectInputEvents = YES;
				INFOPLIST_KEY_UILaunchStoryboardName = LaunchScreen;
				INFOPLIST_KEY_UIMainStoryboardFile = Main;
				INFOPLIST_KEY_UISupportedInterfaceOrientations = UIInterfaceOrientationPortrait;
				INFOPLIST_KEY_UISupportedInterfaceOrientations_iPad = UIInterfaceOrientationPortrait;
				INFOPLIST_KEY_UISupportedInterfaceOrientations_iPhone = "UIInterfaceOrientationPortrait UIInterfaceOrientationLandscapeLeft UIInterfaceOrientationLandscapeRight";
				LD_RUNPATH_SEARCH_PATHS = (
					"$(inherited)",
					"@executable_path/Frameworks",
				);
				MARKETING_VERSION = 1.0;
				PRODUCT_BUNDLE_IDENTIFIER = com.ArjunMohan.OnTrack;
				PRODUCT_NAME = "$(TARGET_NAME)";
				SWIFT_EMIT_LOC_STRINGS = YES;
				SWIFT_VERSION = 5.0;
				TARGETED_DEVICE_FAMILY = "1,2";
			};
			name = Debug;
		};
		DED617D327836CB100503DAF /* Release */ = {
			isa = XCBuildConfiguration;
			buildSettings = {
				ASSETCATALOG_COMPILER_APPICON_NAME = AppIcon;
				ASSETCATALOG_COMPILER_GLOBAL_ACCENT_COLOR_NAME = AccentColor;
				CODE_SIGN_STYLE = Automatic;
				CURRENT_PROJECT_VERSION = 1;
				DEVELOPMENT_TEAM = WD28M49YQQ;
				GENERATE_INFOPLIST_FILE = YES;
				INFOPLIST_FILE = OnTrack/Info.plist;
				INFOPLIST_KEY_UIApplicationSupportsIndirectInputEvents = YES;
				INFOPLIST_KEY_UILaunchStoryboardName = LaunchScreen;
				INFOPLIST_KEY_UIMainStoryboardFile = Main;
				INFOPLIST_KEY_UISupportedInterfaceOrientations = UIInterfaceOrientationPortrait;
				INFOPLIST_KEY_UISupportedInterfaceOrientations_iPad = UIInterfaceOrientationPortrait;
				INFOPLIST_KEY_UISupportedInterfaceOrientations_iPhone = "UIInterfaceOrientationPortrait UIInterfaceOrientationLandscapeLeft UIInterfaceOrientationLandscapeRight";
				LD_RUNPATH_SEARCH_PATHS = (
					"$(inherited)",
					"@executable_path/Frameworks",
				);
				MARKETING_VERSION = 1.0;
				PRODUCT_BUNDLE_IDENTIFIER = com.ArjunMohan.OnTrack;
				PRODUCT_NAME = "$(TARGET_NAME)";
				SWIFT_EMIT_LOC_STRINGS = YES;
				SWIFT_VERSION = 5.0;
				TARGETED_DEVICE_FAMILY = "1,2";
			};
			name = Release;
		};
		DED617D527836CB100503DAF /* Debug */ = {
			isa = XCBuildConfiguration;
			buildSettings = {
				ALWAYS_EMBED_SWIFT_STANDARD_LIBRARIES = YES;
				BUNDLE_LOADER = "$(TEST_HOST)";
				CODE_SIGN_STYLE = Automatic;
				CURRENT_PROJECT_VERSION = 1;
				DEVELOPMENT_TEAM = WD28M49YQQ;
				GENERATE_INFOPLIST_FILE = YES;
				IPHONEOS_DEPLOYMENT_TARGET = 15.2;
				MARKETING_VERSION = 1.0;
				PRODUCT_BUNDLE_IDENTIFIER = com.ArjunMohan.OnTrackTests;
				PRODUCT_NAME = "$(TARGET_NAME)";
				SWIFT_EMIT_LOC_STRINGS = NO;
				SWIFT_VERSION = 5.0;
				TARGETED_DEVICE_FAMILY = "1,2";
				TEST_HOST = "$(BUILT_PRODUCTS_DIR)/OnTrack.app/OnTrack";
			};
			name = Debug;
		};
		DED617D627836CB100503DAF /* Release */ = {
			isa = XCBuildConfiguration;
			buildSettings = {
				ALWAYS_EMBED_SWIFT_STANDARD_LIBRARIES = YES;
				BUNDLE_LOADER = "$(TEST_HOST)";
				CODE_SIGN_STYLE = Automatic;
				CURRENT_PROJECT_VERSION = 1;
				DEVELOPMENT_TEAM = WD28M49YQQ;
				GENERATE_INFOPLIST_FILE = YES;
				IPHONEOS_DEPLOYMENT_TARGET = 15.2;
				MARKETING_VERSION = 1.0;
				PRODUCT_BUNDLE_IDENTIFIER = com.ArjunMohan.OnTrackTests;
				PRODUCT_NAME = "$(TARGET_NAME)";
				SWIFT_EMIT_LOC_STRINGS = NO;
				SWIFT_VERSION = 5.0;
				TARGETED_DEVICE_FAMILY = "1,2";
				TEST_HOST = "$(BUILT_PRODUCTS_DIR)/OnTrack.app/OnTrack";
			};
			name = Release;
		};
		DED617D827836CB100503DAF /* Debug */ = {
			isa = XCBuildConfiguration;
			buildSettings = {
				ALWAYS_EMBED_SWIFT_STANDARD_LIBRARIES = YES;
				CODE_SIGN_STYLE = Automatic;
				CURRENT_PROJECT_VERSION = 1;
				DEVELOPMENT_TEAM = WD28M49YQQ;
				GENERATE_INFOPLIST_FILE = YES;
				MARKETING_VERSION = 1.0;
				PRODUCT_BUNDLE_IDENTIFIER = com.ArjunMohan.OnTrackUITests;
				PRODUCT_NAME = "$(TARGET_NAME)";
				SWIFT_EMIT_LOC_STRINGS = NO;
				SWIFT_VERSION = 5.0;
				TARGETED_DEVICE_FAMILY = "1,2";
				TEST_TARGET_NAME = OnTrack;
			};
			name = Debug;
		};
		DED617D927836CB100503DAF /* Release */ = {
			isa = XCBuildConfiguration;
			buildSettings = {
				ALWAYS_EMBED_SWIFT_STANDARD_LIBRARIES = YES;
				CODE_SIGN_STYLE = Automatic;
				CURRENT_PROJECT_VERSION = 1;
				DEVELOPMENT_TEAM = WD28M49YQQ;
				GENERATE_INFOPLIST_FILE = YES;
				MARKETING_VERSION = 1.0;
				PRODUCT_BUNDLE_IDENTIFIER = com.ArjunMohan.OnTrackUITests;
				PRODUCT_NAME = "$(TARGET_NAME)";
				SWIFT_EMIT_LOC_STRINGS = NO;
				SWIFT_VERSION = 5.0;
				TARGETED_DEVICE_FAMILY = "1,2";
				TEST_TARGET_NAME = OnTrack;
			};
			name = Release;
		};
/* End XCBuildConfiguration section */

/* Begin XCConfigurationList section */
		DED617A227836CAF00503DAF /* Build configuration list for PBXProject "OnTrack" */ = {
			isa = XCConfigurationList;
			buildConfigurations = (
				DED617CF27836CB100503DAF /* Debug */,
				DED617D027836CB100503DAF /* Release */,
			);
			defaultConfigurationIsVisible = 0;
			defaultConfigurationName = Release;
		};
		DED617D127836CB100503DAF /* Build configuration list for PBXNativeTarget "OnTrack" */ = {
			isa = XCConfigurationList;
			buildConfigurations = (
				DED617D227836CB100503DAF /* Debug */,
				DED617D327836CB100503DAF /* Release */,
			);
			defaultConfigurationIsVisible = 0;
			defaultConfigurationName = Release;
		};
		DED617D427836CB100503DAF /* Build configuration list for PBXNativeTarget "OnTrackTests" */ = {
			isa = XCConfigurationList;
			buildConfigurations = (
				DED617D527836CB100503DAF /* Debug */,
				DED617D627836CB100503DAF /* Release */,
			);
			defaultConfigurationIsVisible = 0;
			defaultConfigurationName = Release;
		};
		DED617D727836CB100503DAF /* Build configuration list for PBXNativeTarget "OnTrackUITests" */ = {
			isa = XCConfigurationList;
			buildConfigurations = (
				DED617D827836CB100503DAF /* Debug */,
				DED617D927836CB100503DAF /* Release */,
			);
			defaultConfigurationIsVisible = 0;
			defaultConfigurationName = Release;
		};
/* End XCConfigurationList section */
	};
	rootObject = DED6179F27836CAF00503DAF /* Project object */;
}
